
Microsoft Visual Studio Solution File, Format Version 12.00
# Visual Studio Version 17
VisualStudioVersion = 17.8.34322.80
MinimumVisualStudioVersion = 10.0.40219.1
Project("{FAE04EC0-301F-11D3-BF4B-00C04F79EFBC}") = "BlazorShop.Web", "BlazorShop.Web\BlazorShop.Web.csproj", "{DBFC86B4-1B8D-4019-B909-8E120F7FF327}"
EndProject
Project("{FAE04EC0-301F-11D3-BF4B-00C04F79EFBC}") = "BlazorShop.API", "BlazorShop.API\BlazorShop.API.csproj", "{EF5E9162-0BA4-4A9A-A5E4-31A8C681DE0D}"
EndProject
Project("{FAE04EC0-301F-11D3-BF4B-00C04F79EFBC}") = "BlazorShop.Models", "BlazorShop.Models\BlazorShop.Models.csproj", "{75C4EFDC-7687-44A5-A5D0-98406980BEBE}"
EndProject
Global
	GlobalSection(SolutionConfigurationPlatforms) = preSolution
		Debug|Any CPU = Debug|Any CPU
		Release|Any CPU = Release|Any CPU
	EndGlobalSection
	GlobalSection(ProjectConfigurationPlatforms) = postSolution
		{DBFC86B4-1B8D-4019-B909-8E120F7FF327}.Debug|Any CPU.ActiveCfg = Debug|Any CPU
		{DBFC86B4-1B8D-4019-B909-8E120F7FF327}.Debug|Any CPU.Build.0 = Debug|Any CPU
		{DBFC86B4-1B8D-4019-B909-8E120F7FF327}.Release|Any CPU.ActiveCfg = Release|Any CPU
		{DBFC86B4-1B8D-4019-B909-8E120F7FF327}.Release|Any CPU.Build.0 = Release|Any CPU
		{EF5E9162-0BA4-4A9A-A5E4-31A8C681DE0D}.Debug|Any CPU.ActiveCfg = Debug|Any CPU
		{EF5E9162-0BA4-4A9A-A5E4-31A8C681DE0D}.Debug|Any CPU.Build.0 = Debug|Any CPU
		{EF5E9162-0BA4-4A9A-A5E4-31A8C681DE0D}.Release|Any CPU.ActiveCfg = Release|Any CPU
		{EF5E9162-0BA4-4A9A-A5E4-31A8C681DE0D}.Release|Any CPU.Build.0 = Release|Any CPU
		{75C4EFDC-7687-44A5-A5D0-98406980BEBE}.Debug|Any CPU.ActiveCfg = Debug|Any CPU
		{75C4EFDC-7687-44A5-A5D0-98406980BEBE}.Debug|Any CPU.Build.0 = Debug|Any CPU
		{75C4EFDC-7687-44A5-A5D0-98406980BEBE}.Release|Any CPU.ActiveCfg = Release|Any CPU
		{75C4EFDC-7687-44A5-A5D0-98406980BEBE}.Release|Any CPU.Build.0 = Release|Any CPU
	EndGlobalSection
	GlobalSection(SolutionProperties) = preSolution
		HideSolutionNode = FALSE
	EndGlobalSection
	GlobalSection(ExtensibilityGlobals) = postSolution
		SolutionGuid = {9A248019-EC50-4139-AD57-DF9311D09E1F}
	EndGlobalSection
EndGlobal
